
Microsoft Visual Studio Solution File, Format Version 12.00
# Visual Studio 14
VisualStudioVersion = 14.0.25420.1
MinimumVisualStudioVersion = 10.0.40219.1
Project("{FAE04EC0-301F-11D3-BF4B-00C04F79EFBC}") = "CdeGastosApp", "CdeGastosApp\CdeGastosApp.csproj", "{5A38A56F-CAEB-4FD3-B5C0-E5B4AD1DA957}"
EndProject
Project("{FAE04EC0-301F-11D3-BF4B-00C04F79EFBC}") = "CdeGastosAndroidApp", "CdeGastosAndroidApp\CdeGastosAndroidApp.csproj", "{D60F9611-0D43-45C0-9F2E-99B1F6AE014D}"
EndProject
Global
	GlobalSection(SolutionConfigurationPlatforms) = preSolution
		Debug|Any CPU = Debug|Any CPU
		Release|Any CPU = Release|Any CPU
	EndGlobalSection
	GlobalSection(ProjectConfigurationPlatforms) = postSolution
		{5A38A56F-CAEB-4FD3-B5C0-E5B4AD1DA957}.Debug|Any CPU.ActiveCfg = Debug|Any CPU
		{5A38A56F-CAEB-4FD3-B5C0-E5B4AD1DA957}.Debug|Any CPU.Build.0 = Debug|Any CPU
		{5A38A56F-CAEB-4FD3-B5C0-E5B4AD1DA957}.Release|Any CPU.ActiveCfg = Release|Any CPU
		{5A38A56F-CAEB-4FD3-B5C0-E5B4AD1DA957}.Release|Any CPU.Build.0 = Release|Any CPU
		{D60F9611-0D43-45C0-9F2E-99B1F6AE014D}.Debug|Any CPU.ActiveCfg = Debug|Any CPU
		{D60F9611-0D43-45C0-9F2E-99B1F6AE014D}.Debug|Any CPU.Build.0 = Debug|Any CPU
		{D60F9611-0D43-45C0-9F2E-99B1F6AE014D}.Debug|Any CPU.Deploy.0 = Debug|Any CPU
		{D60F9611-0D43-45C0-9F2E-99B1F6AE014D}.Release|Any CPU.ActiveCfg = Release|Any CPU
		{D60F9611-0D43-45C0-9F2E-99B1F6AE014D}.Release|Any CPU.Build.0 = Release|Any CPU
		{D60F9611-0D43-45C0-9F2E-99B1F6AE014D}.Release|Any CPU.Deploy.0 = Release|Any CPU
	EndGlobalSection
	GlobalSection(SolutionProperties) = preSolution
		HideSolutionNode = FALSE
	EndGlobalSection
EndGlobal
